
Microsoft Visual Studio Solution File, Format Version 12.00
# Visual Studio 15
VisualStudioVersion = 15.0.28307.136
MinimumVisualStudioVersion = 10.0.40219.1
Project("{FAE04EC0-301F-11D3-BF4B-00C04F79EFBC}") = "IngilizceOgrenmeProgrami", "IngilizceOgrenmeProgrami\IngilizceOgrenmeProgrami.csproj", "{6086E2E4-2F88-4E72-886C-4464996D9A4C}"
EndProject
Global
	GlobalSection(SolutionConfigurationPlatforms) = preSolution
		Debug|Any CPU = Debug|Any CPU
		Release|Any CPU = Release|Any CPU
	EndGlobalSection
	GlobalSection(ProjectConfigurationPlatforms) = postSolution
		{6086E2E4-2F88-4E72-886C-4464996D9A4C}.Debug|Any CPU.ActiveCfg = Debug|Any CPU
		{6086E2E4-2F88-4E72-886C-4464996D9A4C}.Debug|Any CPU.Build.0 = Debug|Any CPU
		{6086E2E4-2F88-4E72-886C-4464996D9A4C}.Release|Any CPU.ActiveCfg = Release|Any CPU
		{6086E2E4-2F88-4E72-886C-4464996D9A4C}.Release|Any CPU.Build.0 = Release|Any CPU
	EndGlobalSection
	GlobalSection(SolutionProperties) = preSolution
		HideSolutionNode = FALSE
	EndGlobalSection
	GlobalSection(ExtensibilityGlobals) = postSolution
		SolutionGuid = {24F19D18-CB90-423E-8623-809E217B5FAE}
	EndGlobalSection
EndGlobal
